# Generated setup lock for Python 3.13. Versions are pinned for reproducibility.
# Platform-specific hashes must be generated by pip-tools in the connected build CI.
Django==5.2.6
psycopg[binary]==3.2.10
gunicorn==23.0.0
Pillow==11.3.0
pypdf==6.0.0
pytest==8.4.2
pytest-django==4.11.1
playwright==1.55.0
